
Microsoft Visual Studio Solution File, Format Version 12.00
# Visual Studio Version 16
VisualStudioVersion = 16.0.29905.134
MinimumVisualStudioVersion = 10.0.40219.1
Project("{2150E333-8FDC-42A3-9474-1A3956D46DE8}") = "_Solution files", "_Solution files", "{ABDB2BD8-88B0-466A-8F6F-988940B13CE7}"
EndProject
Project("{2150E333-8FDC-42A3-9474-1A3956D46DE8}") = "Plugins", "Plugins", "{4D4C73CA-61D1-4E12-92E2-11435E39A631}"
EndProject
Project("{9A19103F-16F7-4668-BE54-9A1E7A4F7556}") = "SuperMemoAssistant.Plugins.MouseoverPopup", "src\SuperMemoAssistant.Plugins.MouseoverPopup\SuperMemoAssistant.Plugins.MouseoverPopup.csproj", "{0C5F0EDF-360A-41E3-BCAA-63CEB08B30D5}"
EndProject
Project("{2150E333-8FDC-42A3-9474-1A3956D46DE8}") = "Tests", "Tests", "{B7FB84DA-427B-45FF-AD0B-BB96411D015C}"
EndProject
Project("{9A19103F-16F7-4668-BE54-9A1E7A4F7556}") = "SuperMemoAssistant.Plugins.MouseoverPopup.Tests", "src\SuperMemoAssistant.Plugins.MouseoverPopup.Tests\SuperMemoAssistant.Plugins.MouseoverPopup.Tests.csproj", "{0FA3C57F-28E9-4B18-88A0-710701BC97E6}"
EndProject
Project("{FAE04EC0-301F-11D3-BF4B-00C04F79EFBC}") = "MouseoverPopup.Interop", "..\MouseoverPopup.Interop\MouseoverPopup.Interop.csproj", "{C2A1A16B-45C5-41E3-8948-B554CE311BFD}"
EndProject
Project("{9A19103F-16F7-4668-BE54-9A1E7A4F7556}") = "SuperMemoAssistant.Plugins.PopupWindow.Interop", "..\PopupWindow.Interop\src\SuperMemoAssistant.Plugins.PopupWindow.Interop\SuperMemoAssistant.Plugins.PopupWindow.Interop.csproj", "{B0A81C17-D9BC-4FBC-893A-6F11BDE70252}"
EndProject
Global
	GlobalSection(SolutionConfigurationPlatforms) = preSolution
		1. Alpha (Debug)|Any CPU = 1. Alpha (Debug)|Any CPU
		2. Beta (Release)|Any CPU = 2. Beta (Release)|Any CPU
		3. Stable (Release)|Any CPU = 3. Stable (Release)|Any CPU
		Debug|Any CPU = Debug|Any CPU
		Release|Any CPU = Release|Any CPU
	EndGlobalSection
	GlobalSection(ProjectConfigurationPlatforms) = postSolution
		{0C5F0EDF-360A-41E3-BCAA-63CEB08B30D5}.1. Alpha (Debug)|Any CPU.ActiveCfg = Debug|Any CPU
		{0C5F0EDF-360A-41E3-BCAA-63CEB08B30D5}.1. Alpha (Debug)|Any CPU.Build.0 = Debug|Any CPU
		{0C5F0EDF-360A-41E3-BCAA-63CEB08B30D5}.2. Beta (Release)|Any CPU.ActiveCfg = Release|Any CPU
		{0C5F0EDF-360A-41E3-BCAA-63CEB08B30D5}.2. Beta (Release)|Any CPU.Build.0 = Release|Any CPU
		{0C5F0EDF-360A-41E3-BCAA-63CEB08B30D5}.3. Stable (Release)|Any CPU.ActiveCfg = Release|Any CPU
		{0C5F0EDF-360A-41E3-BCAA-63CEB08B30D5}.3. Stable (Release)|Any CPU.Build.0 = Release|Any CPU
		{0C5F0EDF-360A-41E3-BCAA-63CEB08B30D5}.Debug|Any CPU.ActiveCfg = Debug|Any CPU
		{0C5F0EDF-360A-41E3-BCAA-63CEB08B30D5}.Debug|Any CPU.Build.0 = Debug|Any CPU
		{0C5F0EDF-360A-41E3-BCAA-63CEB08B30D5}.Release|Any CPU.ActiveCfg = Release|Any CPU
		{0C5F0EDF-360A-41E3-BCAA-63CEB08B30D5}.Release|Any CPU.Build.0 = Release|Any CPU
		{0FA3C57F-28E9-4B18-88A0-710701BC97E6}.1. Alpha (Debug)|Any CPU.ActiveCfg = Debug|Any CPU
		{0FA3C57F-28E9-4B18-88A0-710701BC97E6}.1. Alpha (Debug)|Any CPU.Build.0 = Debug|Any CPU
		{0FA3C57F-28E9-4B18-88A0-710701BC97E6}.2. Beta (Release)|Any CPU.ActiveCfg = Release|Any CPU
		{0FA3C57F-28E9-4B18-88A0-710701BC97E6}.2. Beta (Release)|Any CPU.Build.0 = Release|Any CPU
		{0FA3C57F-28E9-4B18-88A0-710701BC97E6}.3. Stable (Release)|Any CPU.ActiveCfg = Release|Any CPU
		{0FA3C57F-28E9-4B18-88A0-710701BC97E6}.3. Stable (Release)|Any CPU.Build.0 = Release|Any CPU
		{0FA3C57F-28E9-4B18-88A0-710701BC97E6}.Debug|Any CPU.ActiveCfg = Debug|Any CPU
		{0FA3C57F-28E9-4B18-88A0-710701BC97E6}.Debug|Any CPU.Build.0 = Debug|Any CPU
		{0FA3C57F-28E9-4B18-88A0-710701BC97E6}.Release|Any CPU.ActiveCfg = Release|Any CPU
		{0FA3C57F-28E9-4B18-88A0-710701BC97E6}.Release|Any CPU.Build.0 = Release|Any CPU
		{C2A1A16B-45C5-41E3-8948-B554CE311BFD}.1. Alpha (Debug)|Any CPU.ActiveCfg = Debug|Any CPU
		{C2A1A16B-45C5-41E3-8948-B554CE311BFD}.1. Alpha (Debug)|Any CPU.Build.0 = Debug|Any CPU
		{C2A1A16B-45C5-41E3-8948-B554CE311BFD}.2. Beta (Release)|Any CPU.ActiveCfg = Release|Any CPU
		{C2A1A16B-45C5-41E3-8948-B554CE311BFD}.2. Beta (Release)|Any CPU.Build.0 = Release|Any CPU
		{C2A1A16B-45C5-41E3-8948-B554CE311BFD}.3. Stable (Release)|Any CPU.ActiveCfg = Release|Any CPU
		{C2A1A16B-45C5-41E3-8948-B554CE311BFD}.3. Stable (Release)|Any CPU.Build.0 = Release|Any CPU
		{C2A1A16B-45C5-41E3-8948-B554CE311BFD}.Debug|Any CPU.ActiveCfg = Debug|Any CPU
		{C2A1A16B-45C5-41E3-8948-B554CE311BFD}.Debug|Any CPU.Build.0 = Debug|Any CPU
		{C2A1A16B-45C5-41E3-8948-B554CE311BFD}.Release|Any CPU.ActiveCfg = Release|Any CPU
		{C2A1A16B-45C5-41E3-8948-B554CE311BFD}.Release|Any CPU.Build.0 = Release|Any CPU
		{B0A81C17-D9BC-4FBC-893A-6F11BDE70252}.1. Alpha (Debug)|Any CPU.ActiveCfg = Debug|Any CPU
		{B0A81C17-D9BC-4FBC-893A-6F11BDE70252}.1. Alpha (Debug)|Any CPU.Build.0 = Debug|Any CPU
		{B0A81C17-D9BC-4FBC-893A-6F11BDE70252}.2. Beta (Release)|Any CPU.ActiveCfg = Release|Any CPU
		{B0A81C17-D9BC-4FBC-893A-6F11BDE70252}.2. Beta (Release)|Any CPU.Build.0 = Release|Any CPU
		{B0A81C17-D9BC-4FBC-893A-6F11BDE70252}.3. Stable (Release)|Any CPU.ActiveCfg = Release|Any CPU
		{B0A81C17-D9BC-4FBC-893A-6F11BDE70252}.3. Stable (Release)|Any CPU.Build.0 = Release|Any CPU
		{B0A81C17-D9BC-4FBC-893A-6F11BDE70252}.Debug|Any CPU.ActiveCfg = Debug|Any CPU
		{B0A81C17-D9BC-4FBC-893A-6F11BDE70252}.Debug|Any CPU.Build.0 = Debug|Any CPU
		{B0A81C17-D9BC-4FBC-893A-6F11BDE70252}.Release|Any CPU.ActiveCfg = Release|Any CPU
		{B0A81C17-D9BC-4FBC-893A-6F11BDE70252}.Release|Any CPU.Build.0 = Release|Any CPU
	EndGlobalSection
	GlobalSection(SolutionProperties) = preSolution
		HideSolutionNode = FALSE
	EndGlobalSection
	GlobalSection(NestedProjects) = preSolution
		{0C5F0EDF-360A-41E3-BCAA-63CEB08B30D5} = {4D4C73CA-61D1-4E12-92E2-11435E39A631}
		{0FA3C57F-28E9-4B18-88A0-710701BC97E6} = {B7FB84DA-427B-45FF-AD0B-BB96411D015C}
		{C2A1A16B-45C5-41E3-8948-B554CE311BFD} = {4D4C73CA-61D1-4E12-92E2-11435E39A631}
		{B0A81C17-D9BC-4FBC-893A-6F11BDE70252} = {4D4C73CA-61D1-4E12-92E2-11435E39A631}
	EndGlobalSection
	GlobalSection(ExtensibilityGlobals) = postSolution
		SolutionGuid = {3323DA3C-5399-4C3A-A607-96E58FC5FB07}
	EndGlobalSection
EndGlobal
