
Microsoft Visual Studio Solution File, Format Version 12.00
# Visual Studio Version 16
VisualStudioVersion = 16.0.31205.134
MinimumVisualStudioVersion = 10.0.40219.1
Project("{2150E333-8FDC-42A3-9474-1A3956D46DE8}") = "_Solution files", "_Solution files", "{E947CE02-945C-4D76-B046-068146126149}"
EndProject
Project("{2150E333-8FDC-42A3-9474-1A3956D46DE8}") = "Plugins", "Plugins", "{C150CDC2-B9C1-413D-8EAE-49DE187DF730}"
EndProject
Project("{FAE04EC0-301F-11D3-BF4B-00C04F79EFBC}") = "SuperMemoAssistant.Plugins.MouseoverPopup", "src\SuperMemoAssistant.Plugins.MouseoverPopup\SuperMemoAssistant.Plugins.MouseoverPopup.csproj", "{ED190E7C-C3F3-4262-804A-D4C1C693D64A}"
EndProject
Project("{FAE04EC0-301F-11D3-BF4B-00C04F79EFBC}") = "MouseoverPopupInterfaces", "..\MouseoverPopupInterfaces\MouseoverPopupInterfaces.csproj", "{9E31C6FE-1D51-4EB9-B5E4-6749D5134695}"
EndProject
Global
	GlobalSection(SolutionConfigurationPlatforms) = preSolution
		1. Alpha (Debug)|Any CPU = 1. Alpha (Debug)|Any CPU
		2. Beta (Release)|Any CPU = 2. Beta (Release)|Any CPU
		3. Stable (Release)|Any CPU = 3. Stable (Release)|Any CPU
		Debug|Any CPU = Debug|Any CPU
		Release|Any CPU = Release|Any CPU
	EndGlobalSection
	GlobalSection(ProjectConfigurationPlatforms) = postSolution
		{ED190E7C-C3F3-4262-804A-D4C1C693D64A}.1. Alpha (Debug)|Any CPU.ActiveCfg = Debug|Any CPU
		{ED190E7C-C3F3-4262-804A-D4C1C693D64A}.1. Alpha (Debug)|Any CPU.Build.0 = Debug|Any CPU
		{ED190E7C-C3F3-4262-804A-D4C1C693D64A}.2. Beta (Release)|Any CPU.ActiveCfg = Release|Any CPU
		{ED190E7C-C3F3-4262-804A-D4C1C693D64A}.2. Beta (Release)|Any CPU.Build.0 = Release|Any CPU
		{ED190E7C-C3F3-4262-804A-D4C1C693D64A}.3. Stable (Release)|Any CPU.ActiveCfg = Release|Any CPU
		{ED190E7C-C3F3-4262-804A-D4C1C693D64A}.3. Stable (Release)|Any CPU.Build.0 = Release|Any CPU
		{ED190E7C-C3F3-4262-804A-D4C1C693D64A}.Debug|Any CPU.ActiveCfg = Debug|Any CPU
		{ED190E7C-C3F3-4262-804A-D4C1C693D64A}.Debug|Any CPU.Build.0 = Debug|Any CPU
		{ED190E7C-C3F3-4262-804A-D4C1C693D64A}.Release|Any CPU.ActiveCfg = Release|Any CPU
		{ED190E7C-C3F3-4262-804A-D4C1C693D64A}.Release|Any CPU.Build.0 = Release|Any CPU
		{9E31C6FE-1D51-4EB9-B5E4-6749D5134695}.1. Alpha (Debug)|Any CPU.ActiveCfg = Debug|Any CPU
		{9E31C6FE-1D51-4EB9-B5E4-6749D5134695}.1. Alpha (Debug)|Any CPU.Build.0 = Debug|Any CPU
		{9E31C6FE-1D51-4EB9-B5E4-6749D5134695}.2. Beta (Release)|Any CPU.ActiveCfg = Release|Any CPU
		{9E31C6FE-1D51-4EB9-B5E4-6749D5134695}.2. Beta (Release)|Any CPU.Build.0 = Release|Any CPU
		{9E31C6FE-1D51-4EB9-B5E4-6749D5134695}.3. Stable (Release)|Any CPU.ActiveCfg = Release|Any CPU
		{9E31C6FE-1D51-4EB9-B5E4-6749D5134695}.3. Stable (Release)|Any CPU.Build.0 = Release|Any CPU
		{9E31C6FE-1D51-4EB9-B5E4-6749D5134695}.Debug|Any CPU.ActiveCfg = Debug|Any CPU
		{9E31C6FE-1D51-4EB9-B5E4-6749D5134695}.Debug|Any CPU.Build.0 = Debug|Any CPU
		{9E31C6FE-1D51-4EB9-B5E4-6749D5134695}.Release|Any CPU.ActiveCfg = Release|Any CPU
		{9E31C6FE-1D51-4EB9-B5E4-6749D5134695}.Release|Any CPU.Build.0 = Release|Any CPU
	EndGlobalSection
	GlobalSection(SolutionProperties) = preSolution
		HideSolutionNode = FALSE
	EndGlobalSection
	GlobalSection(NestedProjects) = preSolution
		{ED190E7C-C3F3-4262-804A-D4C1C693D64A} = {C150CDC2-B9C1-413D-8EAE-49DE187DF730}
	EndGlobalSection
	GlobalSection(ExtensibilityGlobals) = postSolution
		SolutionGuid = {8E575B1E-9DD8-48A8-9B6C-7736F470258B}
	EndGlobalSection
EndGlobal
